// !$*UTF8*$!
{
	archiveVersion = 1;
	classes = {
	};
	objectVersion = 46;
	objects = {

/* Begin PBXBuildFile section */
		686F8A371C0C3EDA00F4B1CE /* main.m in Sources */ = {isa = PBXBuildFile; fileRef = 686F8A361C0C3EDA00F4B1CE /* main.m */; };
		686F8A3A1C0C3EDA00F4B1CE /* AppDelegate.m in Sources */ = {isa = PBXBuildFile; fileRef = 686F8A391C0C3EDA00F4B1CE /* AppDelegate.m */; };
		686F8A3D1C0C3EDA00F4B1CE /* ViewController.m in Sources */ = {isa = PBXBuildFile; fileRef = 686F8A3C1C0C3EDA00F4B1CE /* ViewController.m */; };
		686F8A401C0C3EDA00F4B1CE /* Main.storyboard in Resources */ = {isa = PBXBuildFile; fileRef = 686F8A3E1C0C3EDA00F4B1CE /* Main.storyboard */; };
		686F8A421C0C3EDA00F4B1CE /* Images.xcassets in Resources */ = {isa = PBXBuildFile; fileRef = 686F8A411C0C3EDA00F4B1CE /* Images.xcassets */; };
		686F8A451C0C3EDA00F4B1CE /* LaunchScreen.xib in Resources */ = {isa = PBXBuildFile; fileRef = 686F8A431C0C3EDA00F4B1CE /* LaunchScreen.xib */; };
		686F8A511C0C3EDA00F4B1CE /* DHDynamicLineChartTests.m in Sources */ = {isa = PBXBuildFile; fileRef = 686F8A501C0C3EDA00F4B1CE /* DHDynamicLineChartTests.m */; };
		686F8A5E1C0C400F00F4B1CE /* CoreGraphics.framework in Frameworks */ = {isa = PBXBuildFile; fileRef = 686F8A5D1C0C400F00F4B1CE /* CoreGraphics.framework */; };
		A2FC23B81E8F9EE00096B72C /* DHControllPoint.m in Sources */ = {isa = PBXBuildFile; fileRef = A2FC23B11E8F9EE00096B72C /* DHControllPoint.m */; };
		A2FC23B91E8F9EE00096B72C /* DHDynamicLineChart.m in Sources */ = {isa = PBXBuildFile; fileRef = A2FC23B31E8F9EE00096B72C /* DHDynamicLineChart.m */; };
		A2FC23BA1E8F9EE00096B72C /* DHGridView.m in Sources */ = {isa = PBXBuildFile; fileRef = A2FC23B51E8F9EE00096B72C /* DHGridView.m */; };
		A2FC23BB1E8F9EE00096B72C /* DHLineView.m in Sources */ = {isa = PBXBuildFile; fileRef = A2FC23B71E8F9EE00096B72C /* DHLineView.m */; };
/* End PBXBuildFile section */

/* Begin PBXContainerItemProxy section */
		686F8A4B1C0C3EDA00F4B1CE /* PBXContainerItemProxy */ = {
			isa = PBXContainerItemProxy;
			containerPortal = 686F8A291C0C3ED900F4B1CE /* Project object */;
			proxyType = 1;
			remoteGlobalIDString = 686F8A301C0C3EDA00F4B1CE;
			remoteInfo = DHDynamicLineChart;
		};
/* End PBXContainerItemProxy section */

/* Begin PBXFileReference section */
		686F8A311C0C3EDA00F4B1CE /* DHDynamicLineChart.app */ = {isa = PBXFileReference; explicitFileType = wrapper.application; includeInIndex = 0; path = DHDynamicLineChart.app; sourceTree = BUILT_PRODUCTS_DIR; };
		686F8A351C0C3EDA00F4B1CE /* Info.plist */ = {isa = PBXFileReference; lastKnownFileType = text.plist.xml; path = Info.plist; sourceTree = "<group>"; };
		686F8A361C0C3EDA00F4B1CE /* main.m */ = {isa = PBXFileReference; lastKnownFileType = sourcecode.c.objc; path = main.m; sourceTree = "<group>"; };
		686F8A381C0C3EDA00F4B1CE /* AppDelegate.h */ = {isa = PBXFileReference; lastKnownFileType = sourcecode.c.h; path = AppDelegate.h; sourceTree = "<group>"; };
		686F8A391C0C3EDA00F4B1CE /* AppDelegate.m */ = {isa = PBXFileReference; lastKnownFileType = sourcecode.c.objc; path = AppDelegate.m; sourceTree = "<group>"; };
		686F8A3B1C0C3EDA00F4B1CE /* ViewController.h */ = {isa = PBXFileReference; lastKnownFileType = sourcecode.c.h; path = ViewController.h; sourceTree = "<group>"; };
		686F8A3C1C0C3EDA00F4B1CE /* ViewController.m */ = {isa = PBXFileReference; lastKnownFileType = sourcecode.c.objc; path = ViewController.m; sourceTree = "<group>"; };
		686F8A3F1C0C3EDA00F4B1CE /* Base */ = {isa = PBXFileReference; lastKnownFileType = file.storyboard; name = Base; path = Base.lproj/Main.storyboard; sourceTree = "<group>"; };
		686F8A411C0C3EDA00F4B1CE /* Images.xcassets */ = {isa = PBXFileReference; lastKnownFileType = folder.assetcatalog; path = Images.xcassets; sourceTree = "<group>"; };
		686F8A441C0C3EDA00F4B1CE /* Base */ = {isa = PBXFileReference; lastKnownFileType = file.xib; name = Base; path = Base.lproj/LaunchScreen.xib; sourceTree = "<group>"; };
		686F8A4A1C0C3EDA00F4B1CE /* DHDynamicLineChartTests.xctest */ = {isa = PBXFileReference; explicitFileType = wrapper.cfbundle; includeInIndex = 0; path = DHDynamicLineChartTests.xctest; sourceTree = BUILT_PRODUCTS_DIR; };
		686F8A4F1C0C3EDA00F4B1CE /* Info.plist */ = {isa = PBXFileReference; lastKnownFileType = text.plist.xml; path = Info.plist; sourceTree = "<group>"; };
		686F8A501C0C3EDA00F4B1CE /* DHDynamicLineChartTests.m */ = {isa = PBXFileReference; lastKnownFileType = sourcecode.c.objc; path = DHDynamicLineChartTests.m; sourceTree = "<group>"; };
		686F8A5D1C0C400F00F4B1CE /* CoreGraphics.framework */ = {isa = PBXFileReference; lastKnownFileType = wrapper.framework; name = CoreGraphics.framework; path = System/Library/Frameworks/CoreGraphics.framework; sourceTree = SDKROOT; };
		A2FC23B01E8F9EE00096B72C /* DHControllPoint.h */ = {isa = PBXFileReference; fileEncoding = 4; lastKnownFileType = sourcecode.c.h; path = DHControllPoint.h; sourceTree = "<group>"; };
		A2FC23B11E8F9EE00096B72C /* DHControllPoint.m */ = {isa = PBXFileReference; fileEncoding = 4; lastKnownFileType = sourcecode.c.objc; path = DHControllPoint.m; sourceTree = "<group>"; };
		A2FC23B21E8F9EE00096B72C /* DHDynamicLineChart.h */ = {isa = PBXFileReference; fileEncoding = 4; lastKnownFileType = sourcecode.c.h; path = DHDynamicLineChart.h; sourceTree = "<group>"; };
		A2FC23B31E8F9EE00096B72C /* DHDynamicLineChart.m */ = {isa = PBXFileReference; fileEncoding = 4; lastKnownFileType = sourcecode.c.objc; path = DHDynamicLineChart.m; sourceTree = "<group>"; };
		A2FC23B41E8F9EE00096B72C /* DHGridView.h */ = {isa = PBXFileReference; fileEncoding = 4; lastKnownFileType = sourcecode.c.h; path = DHGridView.h; sourceTree = "<group>"; };
		A2FC23B51E8F9EE00096B72C /* DHGridView.m */ = {isa = PBXFileReference; fileEncoding = 4; lastKnownFileType = sourcecode.c.objc; path = DHGridView.m; sourceTree = "<group>"; };
		A2FC23B61E8F9EE00096B72C /* DHLineView.h */ = {isa = PBXFileReference; fileEncoding = 4; lastKnownFileType = sourcecode.c.h; path = DHLineView.h; sourceTree = "<group>"; };
		A2FC23B71E8F9EE00096B72C /* DHLineView.m */ = {isa = PBXFileReference; fileEncoding = 4; lastKnownFileType = sourcecode.c.objc; path = DHLineView.m; sourceTree = "<group>"; };
/* End PBXFileReference section */

/* Begin PBXFrameworksBuildPhase section */
		686F8A2E1C0C3EDA00F4B1CE /* Frameworks */ = {
			isa = PBXFrameworksBuildPhase;
			buildActionMask = 2147483647;
			files = (
				686F8A5E1C0C400F00F4B1CE /* CoreGraphics.framework in Frameworks */,
			);
			runOnlyForDeploymentPostprocessing = 0;
		};
		686F8A471C0C3EDA00F4B1CE /* Frameworks */ = {
			isa = PBXFrameworksBuildPhase;
			buildActionMask = 2147483647;
			files = (
			);
			runOnlyForDeploymentPostprocessing = 0;
		};
/* End PBXFrameworksBuildPhase section */

/* Begin PBXGroup section */
		686F8A281C0C3ED900F4B1CE = {
			isa = PBXGroup;
			children = (
				686F8A5D1C0C400F00F4B1CE /* CoreGraphics.framework */,
				686F8A331C0C3EDA00F4B1CE /* DHDynamicLineChart */,
				686F8A4D1C0C3EDA00F4B1CE /* DHDynamicLineChartTests */,
				686F8A321C0C3EDA00F4B1CE /* Products */,
			);
			sourceTree = "<group>";
		};
		686F8A321C0C3EDA00F4B1CE /* Products */ = {
			isa = PBXGroup;
			children = (
				686F8A311C0C3EDA00F4B1CE /* DHDynamicLineChart.app */,
				686F8A4A1C0C3EDA00F4B1CE /* DHDynamicLineChartTests.xctest */,
			);
			name = Products;
			sourceTree = "<group>";
		};
		686F8A331C0C3EDA00F4B1CE /* DHDynamicLineChart */ = {
			isa = PBXGroup;
			children = (
				686F8A381C0C3EDA00F4B1CE /* AppDelegate.h */,
				686F8A391C0C3EDA00F4B1CE /* AppDelegate.m */,
				686F8A3B1C0C3EDA00F4B1CE /* ViewController.h */,
				686F8A3C1C0C3EDA00F4B1CE /* ViewController.m */,
				A2FC23AF1E8F9EE00096B72C /* DHDynamicLineChart */,
				686F8A3E1C0C3EDA00F4B1CE /* Main.storyboard */,
				686F8A411C0C3EDA00F4B1CE /* Images.xcassets */,
				686F8A431C0C3EDA00F4B1CE /* LaunchScreen.xib */,
				686F8A341C0C3EDA00F4B1CE /* Supporting Files */,
			);
			path = DHDynamicLineChart;
			sourceTree = "<group>";
		};
		686F8A341C0C3EDA00F4B1CE /* Supporting Files */ = {
			isa = PBXGroup;
			children = (
				686F8A351C0C3EDA00F4B1CE /* Info.plist */,
				686F8A361C0C3EDA00F4B1CE /* main.m */,
			);
			name = "Supporting Files";
			sourceTree = "<group>";
		};
		686F8A4D1C0C3EDA00F4B1CE /* DHDynamicLineChartTests */ = {
			isa = PBXGroup;
			children = (
				686F8A501C0C3EDA00F4B1CE /* DHDynamicLineChartTests.m */,
				686F8A4E1C0C3EDA00F4B1CE /* Supporting Files */,
			);
			path = DHDynamicLineChartTests;
			sourceTree = "<group>";
		};
		686F8A4E1C0C3EDA00F4B1CE /* Supporting Files */ = {
			isa = PBXGroup;
			children = (
				686F8A4F1C0C3EDA00F4B1CE /* Info.plist */,
			);
			name = "Supporting Files";
			sourceTree = "<group>";
		};
		A2FC23AF1E8F9EE00096B72C /* DHDynamicLineChart */ = {
			isa = PBXGroup;
			children = (
				A2FC23B01E8F9EE00096B72C /* DHControllPoint.h */,
				A2FC23B11E8F9EE00096B72C /* DHControllPoint.m */,
				A2FC23B21E8F9EE00096B72C /* DHDynamicLineChart.h */,
				A2FC23B31E8F9EE00096B72C /* DHDynamicLineChart.m */,
				A2FC23B41E8F9EE00096B72C /* DHGridView.h */,
				A2FC23B51E8F9EE00096B72C /* DHGridView.m */,
				A2FC23B61E8F9EE00096B72C /* DHLineView.h */,
				A2FC23B71E8F9EE00096B72C /* DHLineView.m */,
			);
			name = DHDynamicLineChart;
			path = ../../DHDynamicLineChart;
			sourceTree = "<group>";
		};
/* End PBXGroup section */

/* Begin PBXNativeTarget section */
		686F8A301C0C3EDA00F4B1CE /* DHDynamicLineChart */ = {
			isa = PBXNativeTarget;
			buildConfigurationList = 686F8A541C0C3EDA00F4B1CE /* Build configuration list for PBXNativeTarget "DHDynamicLineChart" */;
			buildPhases = (
				686F8A2D1C0C3EDA00F4B1CE /* Sources */,
				686F8A2E1C0C3EDA00F4B1CE /* Frameworks */,
				686F8A2F1C0C3EDA00F4B1CE /* Resources */,
			);
			buildRules = (
			);
			dependencies = (
			);
			name = DHDynamicLineChart;
			productName = DHDynamicLineChart;
			productReference = 686F8A311C0C3EDA00F4B1CE /* DHDynamicLineChart.app */;
			productType = "com.apple.product-type.application";
		};
		686F8A491C0C3EDA00F4B1CE /* DHDynamicLineChartTests */ = {
			isa = PBXNativeTarget;
			buildConfigurationList = 686F8A571C0C3EDA00F4B1CE /* Build configuration list for PBXNativeTarget "DHDynamicLineChartTests" */;
			buildPhases = (
				686F8A461C0C3EDA00F4B1CE /* Sources */,
				686F8A471C0C3EDA00F4B1CE /* Frameworks */,
				686F8A481C0C3EDA00F4B1CE /* Resources */,
			);
			buildRules = (
			);
			dependencies = (
				686F8A4C1C0C3EDA00F4B1CE /* PBXTargetDependency */,
			);
			name = DHDynamicLineChartTests;
			productName = DHDynamicLineChartTests;
			productReference = 686F8A4A1C0C3EDA00F4B1CE /* DHDynamicLineChartTests.xctest */;
			productType = "com.apple.product-type.bundle.unit-test";
		};
/* End PBXNativeTarget section */

/* Begin PBXProject section */
		686F8A291C0C3ED900F4B1CE /* Project object */ = {
			isa = PBXProject;
			attributes = {
				LastUpgradeCheck = 0640;
				ORGANIZATIONNAME = "David HU";
				TargetAttributes = {
					686F8A301C0C3EDA00F4B1CE = {
						CreatedOnToolsVersion = 6.4;
					};
					686F8A491C0C3EDA00F4B1CE = {
						CreatedOnToolsVersion = 6.4;
						TestTargetID = 686F8A301C0C3EDA00F4B1CE;
					};
				};
			};
			buildConfigurationList = 686F8A2C1C0C3ED900F4B1CE /* Build configuration list for PBXProject "DHDynamicLineChart" */;
			compatibilityVersion = "Xcode 3.2";
			developmentRegion = English;
			hasScannedForEncodings = 0;
			knownRegions = (
				en,
				Base,
			);
			mainGroup = 686F8A281C0C3ED900F4B1CE;
			productRefGroup = 686F8A321C0C3EDA00F4B1CE /* Products */;
			projectDirPath = "";
			projectRoot = "";
			targets = (
				686F8A301C0C3EDA00F4B1CE /* DHDynamicLineChart */,
				686F8A491C0C3EDA00F4B1CE /* DHDynamicLineChartTests */,
			);
		};
/* End PBXProject section */

/* Begin PBXResourcesBuildPhase section */
		686F8A2F1C0C3EDA00F4B1CE /* Resources */ = {
			isa = PBXResourcesBuildPhase;
			buildActionMask = 2147483647;
			files = (
				686F8A401C0C3EDA00F4B1CE /* Main.storyboard in Resources */,
				686F8A451C0C3EDA00F4B1CE /* LaunchScreen.xib in Resources */,
				686F8A421C0C3EDA00F4B1CE /* Images.xcassets in Resources */,
			);
			runOnlyForDeploymentPostprocessing = 0;
		};
		686F8A481C0C3EDA00F4B1CE /* Resources */ = {
			isa = PBXResourcesBuildPhase;
			buildActionMask = 2147483647;
			files = (
			);
			runOnlyForDeploymentPostprocessing = 0;
		};
/* End PBXResourcesBuildPhase section */

/* Begin PBXSourcesBuildPhase section */
		686F8A2D1C0C3EDA00F4B1CE /* Sources */ = {
			isa = PBXSourcesBuildPhase;
			buildActionMask = 2147483647;
			files = (
				A2FC23B91E8F9EE00096B72C /* DHDynamicLineChart.m in Sources */,
				686F8A3D1C0C3EDA00F4B1CE /* ViewController.m in Sources */,
				686F8A3A1C0C3EDA00F4B1CE /* AppDelegate.m in Sources */,
				686F8A371C0C3EDA00F4B1CE /* main.m in Sources */,
				A2FC23BA1E8F9EE00096B72C /* DHGridView.m in Sources */,
				A2FC23BB1E8F9EE00096B72C /* DHLineView.m in Sources */,
				A2FC23B81E8F9EE00096B72C /* DHControllPoint.m in Sources */,
			);
			runOnlyForDeploymentPostprocessing = 0;
		};
		686F8A461C0C3EDA00F4B1CE /* Sources */ = {
			isa = PBXSourcesBuildPhase;
			buildActionMask = 2147483647;
			files = (
				686F8A511C0C3EDA00F4B1CE /* DHDynamicLineChartTests.m in Sources */,
			);
			runOnlyForDeploymentPostprocessing = 0;
		};
/* End PBXSourcesBuildPhase section */

/* Begin PBXTargetDependency section */
		686F8A4C1C0C3EDA00F4B1CE /* PBXTargetDependency */ = {
			isa = PBXTargetDependency;
			target = 686F8A301C0C3EDA00F4B1CE /* DHDynamicLineChart */;
			targetProxy = 686F8A4B1C0C3EDA00F4B1CE /* PBXContainerItemProxy */;
		};
/* End PBXTargetDependency section */

/* Begin PBXVariantGroup section */
		686F8A3E1C0C3EDA00F4B1CE /* Main.storyboard */ = {
			isa = PBXVariantGroup;
			children = (
				686F8A3F1C0C3EDA00F4B1CE /* Base */,
			);
			name = Main.storyboard;
			sourceTree = "<group>";
		};
		686F8A431C0C3EDA00F4B1CE /* LaunchScreen.xib */ = {
			isa = PBXVariantGroup;
			children = (
				686F8A441C0C3EDA00F4B1CE /* Base */,
			);
			name = LaunchScreen.xib;
			sourceTree = "<group>";
		};
/* End PBXVariantGroup section */

/* Begin XCBuildConfiguration section */
		686F8A521C0C3EDA00F4B1CE /* Debug */ = {
			isa = XCBuildConfiguration;
			buildSettings = {
				ALWAYS_SEARCH_USER_PATHS = NO;
				CLANG_CXX_LANGUAGE_STANDARD = "gnu++0x";
				CLANG_CXX_LIBRARY = "libc++";
				CLANG_ENABLE_MODULES = YES;
				CLANG_ENABLE_OBJC_ARC = YES;
				CLANG_WARN_BOOL_CONVERSION = YES;
				CLANG_WARN_CONSTANT_CONVERSION = YES;
				CLANG_WARN_DIRECT_OBJC_ISA_USAGE = YES_ERROR;
				CLANG_WARN_EMPTY_BODY = YES;
				CLANG_WARN_ENUM_CONVERSION = YES;
				CLANG_WARN_INT_CONVERSION = YES;
				CLANG_WARN_OBJC_ROOT_CLASS = YES_ERROR;
				CLANG_WARN_UNREACHABLE_CODE = YES;
				CLANG_WARN__DUPLICATE_METHOD_MATCH = YES;
				"CODE_SIGN_IDENTITY[sdk=iphoneos*]" = "iPhone Developer";
				COPY_PHASE_STRIP = NO;
				DEBUG_INFORMATION_FORMAT = "dwarf-with-dsym";
				ENABLE_STRICT_OBJC_MSGSEND = YES;
				GCC_C_LANGUAGE_STANDARD = gnu99;
				GCC_DYNAMIC_NO_PIC = NO;
				GCC_NO_COMMON_BLOCKS = YES;
				GCC_OPTIMIZATION_LEVEL = 0;
				GCC_PREPROCESSOR_DEFINITIONS = (
					"DEBUG=1",
					"$(inherited)",
				);
				GCC_SYMBOLS_PRIVATE_EXTERN = NO;
				GCC_WARN_64_TO_32_BIT_CONVERSION = YES;
				GCC_WARN_ABOUT_RETURN_TYPE = YES_ERROR;
				GCC_WARN_UNDECLARED_SELECTOR = YES;
				GCC_WARN_UNINITIALIZED_AUTOS = YES_AGGRESSIVE;
				GCC_WARN_UNUSED_FUNCTION = YES;
				GCC_WARN_UNUSED_VARIABLE = YES;
				IPHONEOS_DEPLOYMENT_TARGET = 8.4;
				MTL_ENABLE_DEBUG_INFO = YES;
				ONLY_ACTIVE_ARCH = YES;
				SDKROOT = iphoneos;
				TARGETED_DEVICE_FAMILY = 2;
			};
			name = Debug;
		};
		686F8A531C0C3EDA00F4B1CE /* Release */ = {
			isa = XCBuildConfiguration;
			buildSettings = {
				ALWAYS_SEARCH_USER_PATHS = NO;
				CLANG_CXX_LANGUAGE_STANDARD = "gnu++0x";
				CLANG_CXX_LIBRARY = "libc++";
				CLANG_ENABLE_MODULES = YES;
				CLANG_ENABLE_OBJC_ARC = YES;
				CLANG_WARN_BOOL_CONVERSION = YES;
				CLANG_WARN_CONSTANT_CONVERSION = YES;
				CLANG_WARN_DIRECT_OBJC_ISA_USAGE = YES_ERROR;
				CLANG_WARN_EMPTY_BODY = YES;
				CLANG_WARN_ENUM_CONVERSION = YES;
				CLANG_WARN_INT_CONVERSION = YES;
				CLANG_WARN_OBJC_ROOT_CLASS = YES_ERROR;
				CLANG_WARN_UNREACHABLE_CODE = YES;
				CLANG_WARN__DUPLICATE_METHOD_MATCH = YES;
				"CODE_SIGN_IDENTITY[sdk=iphoneos*]" = "iPhone Developer";
				COPY_PHASE_STRIP = NO;
				DEBUG_INFORMATION_FORMAT = "dwarf-with-dsym";
				ENABLE_NS_ASSERTIONS = NO;
				ENABLE_STRICT_OBJC_MSGSEND = YES;
				GCC_C_LANGUAGE_STANDARD = gnu99;
				GCC_NO_COMMON_BLOCKS = YES;
				GCC_WARN_64_TO_32_BIT_CONVERSION = YES;
				GCC_WARN_ABOUT_RETURN_TYPE = YES_ERROR;
				GCC_WARN_UNDECLARED_SELECTOR = YES;
				GCC_WARN_UNINITIALIZED_AUTOS = YES_AGGRESSIVE;
				GCC_WARN_UNUSED_FUNCTION = YES;
				GCC_WARN_UNUSED_VARIABLE = YES;
				IPHONEOS_DEPLOYMENT_TARGET = 8.4;
				MTL_ENABLE_DEBUG_INFO = NO;
				SDKROOT = iphoneos;
				TARGETED_DEVICE_FAMILY = 2;
				VALIDATE_PRODUCT = YES;
			};
			name = Release;
		};
		686F8A551C0C3EDA00F4B1CE /* Debug */ = {
			isa = XCBuildConfiguration;
			buildSettings = {
				ASSETCATALOG_COMPILER_APPICON_NAME = AppIcon;
				INFOPLIST_FILE = DHDynamicLineChart/Info.plist;
				LD_RUNPATH_SEARCH_PATHS = "$(inherited) @executable_path/Frameworks";
				PRODUCT_NAME = "$(TARGET_NAME)";
			};
			name = Debug;
		};
		686F8A561C0C3EDA00F4B1CE /* Release */ = {
			isa = XCBuildConfiguration;
			buildSettings = {
				ASSETCATALOG_COMPILER_APPICON_NAME = AppIcon;
				INFOPLIST_FILE = DHDynamicLineChart/Info.plist;
				LD_RUNPATH_SEARCH_PATHS = "$(inherited) @executable_path/Frameworks";
				PRODUCT_NAME = "$(TARGET_NAME)";
			};
			name = Release;
		};
		686F8A581C0C3EDA00F4B1CE /* Debug */ = {
			isa = XCBuildConfiguration;
			buildSettings = {
				BUNDLE_LOADER = "$(TEST_HOST)";
				FRAMEWORK_SEARCH_PATHS = (
					"$(SDKROOT)/Developer/Library/Frameworks",
					"$(inherited)",
				);
				GCC_PREPROCESSOR_DEFINITIONS = (
					"DEBUG=1",
					"$(inherited)",
				);
				INFOPLIST_FILE = DHDynamicLineChartTests/Info.plist;
				LD_RUNPATH_SEARCH_PATHS = "$(inherited) @executable_path/Frameworks @loader_path/Frameworks";
				PRODUCT_NAME = "$(TARGET_NAME)";
				TEST_HOST = "$(BUILT_PRODUCTS_DIR)/DHDynamicLineChart.app/DHDynamicLineChart";
			};
			name = Debug;
		};
		686F8A591C0C3EDA00F4B1CE /* Release */ = {
			isa = XCBuildConfiguration;
			buildSettings = {
				BUNDLE_LOADER = "$(TEST_HOST)";
				FRAMEWORK_SEARCH_PATHS = (
					"$(SDKROOT)/Developer/Library/Frameworks",
					"$(inherited)",
				);
				INFOPLIST_FILE = DHDynamicLineChartTests/Info.plist;
				LD_RUNPATH_SEARCH_PATHS = "$(inherited) @executable_path/Frameworks @loader_path/Frameworks";
				PRODUCT_NAME = "$(TARGET_NAME)";
				TEST_HOST = "$(BUILT_PRODUCTS_DIR)/DHDynamicLineChart.app/DHDynamicLineChart";
			};
			name = Release;
		};
/* End XCBuildConfiguration section */

/* Begin XCConfigurationList section */
		686F8A2C1C0C3ED900F4B1CE /* Build configuration list for PBXProject "DHDynamicLineChart" */ = {
			isa = XCConfigurationList;
			buildConfigurations = (
				686F8A521C0C3EDA00F4B1CE /* Debug */,
				686F8A531C0C3EDA00F4B1CE /* Release */,
			);
			defaultConfigurationIsVisible = 0;
			defaultConfigurationName = Release;
		};
		686F8A541C0C3EDA00F4B1CE /* Build configuration list for PBXNativeTarget "DHDynamicLineChart" */ = {
			isa = XCConfigurationList;
			buildConfigurations = (
				686F8A551C0C3EDA00F4B1CE /* Debug */,
				686F8A561C0C3EDA00F4B1CE /* Release */,
			);
			defaultConfigurationIsVisible = 0;
			defaultConfigurationName = Release;
		};
		686F8A571C0C3EDA00F4B1CE /* Build configuration list for PBXNativeTarget "DHDynamicLineChartTests" */ = {
			isa = XCConfigurationList;
			buildConfigurations = (
				686F8A581C0C3EDA00F4B1CE /* Debug */,
				686F8A591C0C3EDA00F4B1CE /* Release */,
			);
			defaultConfigurationIsVisible = 0;
			defaultConfigurationName = Release;
		};
/* End XCConfigurationList section */
	};
	rootObject = 686F8A291C0C3ED900F4B1CE /* Project object */;
}
